
Microsoft Visual Studio Solution File, Format Version 12.00
# Visual Studio 15
VisualStudioVersion = 15.0.28307.779
MinimumVisualStudioVersion = 10.0.40219.1
Project("{FAE04EC0-301F-11D3-BF4B-00C04F79EFBC}") = "SCal", "SCal\SCal.csproj", "{A6D1BA69-AA94-4659-A728-CD46160EE1F5}"
EndProject
Global
	GlobalSection(SolutionConfigurationPlatforms) = preSolution
		Debug|Any CPU = Debug|Any CPU
		Release|Any CPU = Release|Any CPU
	EndGlobalSection
	GlobalSection(ProjectConfigurationPlatforms) = postSolution
		{A6D1BA69-AA94-4659-A728-CD46160EE1F5}.Debug|Any CPU.ActiveCfg = Debug|Any CPU
		{A6D1BA69-AA94-4659-A728-CD46160EE1F5}.Debug|Any CPU.Build.0 = Debug|Any CPU
		{A6D1BA69-AA94-4659-A728-CD46160EE1F5}.Release|Any CPU.ActiveCfg = Release|Any CPU
		{A6D1BA69-AA94-4659-A728-CD46160EE1F5}.Release|Any CPU.Build.0 = Release|Any CPU
	EndGlobalSection
	GlobalSection(SolutionProperties) = preSolution
		HideSolutionNode = FALSE
	EndGlobalSection
	GlobalSection(ExtensibilityGlobals) = postSolution
		SolutionGuid = {121B406F-7D77-4CE3-8BEF-4C5142E39C99}
	EndGlobalSection
EndGlobal
